
Microsoft Visual Studio Solution File, Format Version 12.00
# Visual Studio Version 16
VisualStudioVersion = 16.0.30811.11
MinimumVisualStudioVersion = 15.0.26124.0
Project("{9A19103F-16F7-4668-BE54-9A1E7A4F7556}") = "Analyze", "src\Analyze\Analyze.csproj", "{57481A9D-A06D-48DD-B9EC-90CD3B5257A3}"
EndProject
Project("{2150E333-8FDC-42A3-9474-1A3956D46DE8}") = "Solution Items", "Solution Items", "{308628C7-3384-49D3-AD68-28785CAE11DC}"
	ProjectSection(SolutionItems) = preProject
		.editorconfig = .editorconfig
	EndProjectSection
EndProject
Project("{9A19103F-16F7-4668-BE54-9A1E7A4F7556}") = "Analyze.Model", "src\Analyze.Model\Analyze.Model.csproj", "{9C7BECFC-3490-41BA-898E-9DEEE6772022}"
EndProject
Global
	GlobalSection(SolutionConfigurationPlatforms) = preSolution
		Debug|Any CPU = Debug|Any CPU
		Debug|x64 = Debug|x64
		Debug|x86 = Debug|x86
		Release|Any CPU = Release|Any CPU
		Release|x64 = Release|x64
		Release|x86 = Release|x86
	EndGlobalSection
	GlobalSection(ProjectConfigurationPlatforms) = postSolution
		{57481A9D-A06D-48DD-B9EC-90CD3B5257A3}.Debug|Any CPU.ActiveCfg = Debug|Any CPU
		{57481A9D-A06D-48DD-B9EC-90CD3B5257A3}.Debug|Any CPU.Build.0 = Debug|Any CPU
		{57481A9D-A06D-48DD-B9EC-90CD3B5257A3}.Debug|x64.ActiveCfg = Debug|Any CPU
		{57481A9D-A06D-48DD-B9EC-90CD3B5257A3}.Debug|x64.Build.0 = Debug|Any CPU
		{57481A9D-A06D-48DD-B9EC-90CD3B5257A3}.Debug|x86.ActiveCfg = Debug|Any CPU
		{57481A9D-A06D-48DD-B9EC-90CD3B5257A3}.Debug|x86.Build.0 = Debug|Any CPU
		{57481A9D-A06D-48DD-B9EC-90CD3B5257A3}.Release|Any CPU.ActiveCfg = Release|Any CPU
		{57481A9D-A06D-48DD-B9EC-90CD3B5257A3}.Release|Any CPU.Build.0 = Release|Any CPU
		{57481A9D-A06D-48DD-B9EC-90CD3B5257A3}.Release|x64.ActiveCfg = Release|Any CPU
		{57481A9D-A06D-48DD-B9EC-90CD3B5257A3}.Release|x64.Build.0 = Release|Any CPU
		{57481A9D-A06D-48DD-B9EC-90CD3B5257A3}.Release|x86.ActiveCfg = Release|Any CPU
		{57481A9D-A06D-48DD-B9EC-90CD3B5257A3}.Release|x86.Build.0 = Release|Any CPU
		{9C7BECFC-3490-41BA-898E-9DEEE6772022}.Debug|Any CPU.ActiveCfg = Debug|Any CPU
		{9C7BECFC-3490-41BA-898E-9DEEE6772022}.Debug|Any CPU.Build.0 = Debug|Any CPU
		{9C7BECFC-3490-41BA-898E-9DEEE6772022}.Debug|x64.ActiveCfg = Debug|Any CPU
		{9C7BECFC-3490-41BA-898E-9DEEE6772022}.Debug|x64.Build.0 = Debug|Any CPU
		{9C7BECFC-3490-41BA-898E-9DEEE6772022}.Debug|x86.ActiveCfg = Debug|Any CPU
		{9C7BECFC-3490-41BA-898E-9DEEE6772022}.Debug|x86.Build.0 = Debug|Any CPU
		{9C7BECFC-3490-41BA-898E-9DEEE6772022}.Release|Any CPU.ActiveCfg = Release|Any CPU
		{9C7BECFC-3490-41BA-898E-9DEEE6772022}.Release|Any CPU.Build.0 = Release|Any CPU
		{9C7BECFC-3490-41BA-898E-9DEEE6772022}.Release|x64.ActiveCfg = Release|Any CPU
		{9C7BECFC-3490-41BA-898E-9DEEE6772022}.Release|x64.Build.0 = Release|Any CPU
		{9C7BECFC-3490-41BA-898E-9DEEE6772022}.Release|x86.ActiveCfg = Release|Any CPU
		{9C7BECFC-3490-41BA-898E-9DEEE6772022}.Release|x86.Build.0 = Release|Any CPU
	EndGlobalSection
	GlobalSection(SolutionProperties) = preSolution
		HideSolutionNode = FALSE
	EndGlobalSection
	GlobalSection(ExtensibilityGlobals) = postSolution
		SolutionGuid = {7BD999FB-D71E-4EAD-AC6F-E83CE383A49C}
	EndGlobalSection
EndGlobal
